
Microsoft Visual Studio Solution File, Format Version 12.00
# Visual Studio Version 16
VisualStudioVersion = 16.0.29708.43
MinimumVisualStudioVersion = 10.0.40219.1
Project("{FAE04EC0-301F-11D3-BF4B-00C04F79EFBC}") = "ConsoleApp4", "ConsoleApp4\ConsoleApp4.csproj", "{077BFF4A-3BE2-411C-929A-031C31C90A11}"
EndProject
Global
	GlobalSection(SolutionConfigurationPlatforms) = preSolution
		Debug|Any CPU = Debug|Any CPU
		Release|Any CPU = Release|Any CPU
	EndGlobalSection
	GlobalSection(ProjectConfigurationPlatforms) = postSolution
		{077BFF4A-3BE2-411C-929A-031C31C90A11}.Debug|Any CPU.ActiveCfg = Debug|Any CPU
		{077BFF4A-3BE2-411C-929A-031C31C90A11}.Debug|Any CPU.Build.0 = Debug|Any CPU
		{077BFF4A-3BE2-411C-929A-031C31C90A11}.Release|Any CPU.ActiveCfg = Release|Any CPU
		{077BFF4A-3BE2-411C-929A-031C31C90A11}.Release|Any CPU.Build.0 = Release|Any CPU
	EndGlobalSection
	GlobalSection(SolutionProperties) = preSolution
		HideSolutionNode = FALSE
	EndGlobalSection
	GlobalSection(ExtensibilityGlobals) = postSolution
		SolutionGuid = {212B618F-217B-418F-A684-0078AE2174CA}
	EndGlobalSection
EndGlobal
